// !$*UTF8*$!
{
	archiveVersion = 1;
	classes = {
	};
	objectVersion = 46;
	objects = {

/* Begin PBXBuildFile section */
		2357550A1BFF08D600BA450C /* TestPrivateRequstPugin.m in Sources */ = {isa = PBXBuildFile; fileRef = 235755091BFF08D600BA450C /* TestPrivateRequstPugin.m */; settings = {ASSET_TAGS = (); }; };
		2357550D1BFF0C4300BA450C /* TestPublicRequstPugin.m in Sources */ = {isa = PBXBuildFile; fileRef = 2357550C1BFF0C4300BA450C /* TestPublicRequstPugin.m */; settings = {ASSET_TAGS = (); }; };
		235755101BFF2B0B00BA450C /* TestPrivateResponsePlugin.m in Sources */ = {isa = PBXBuildFile; fileRef = 2357550F1BFF2B0B00BA450C /* TestPrivateResponsePlugin.m */; settings = {ASSET_TAGS = (); }; };
		235755131BFF2B2700BA450C /* TestPublicResponsePlugin.m in Sources */ = {isa = PBXBuildFile; fileRef = 235755121BFF2B2700BA450C /* TestPublicResponsePlugin.m */; settings = {ASSET_TAGS = (); }; };
		235A83921BCE61FF00AB369A /* MFWHttpTaskAFNEngine.m in Sources */ = {isa = PBXBuildFile; fileRef = 235A83911BCE61FF00AB369A /* MFWHttpTaskAFNEngine.m */; };
		235A83931BCE64F800AB369A /* main.m in Sources */ = {isa = PBXBuildFile; fileRef = 23DDAFDA1B901DE90007170E /* main.m */; };
		239892B91BCFB15700A22A1B /* MFWRequestBaseBuilder.m in Sources */ = {isa = PBXBuildFile; fileRef = 239892B41BCFB15700A22A1B /* MFWRequestBaseBuilder.m */; };
		239892BA1BCFB15700A22A1B /* MFWRequestBuilderPipeline.m in Sources */ = {isa = PBXBuildFile; fileRef = 239892B61BCFB15700A22A1B /* MFWRequestBuilderPipeline.m */; };
		239892C01BCFB85200A22A1B /* MFWResponseBaseHandler.m in Sources */ = {isa = PBXBuildFile; fileRef = 239892BD1BCFB85200A22A1B /* MFWResponseBaseHandler.m */; };
		239892C11BCFB85200A22A1B /* MFWResponseHandlerPipeline.m in Sources */ = {isa = PBXBuildFile; fileRef = 239892BF1BCFB85200A22A1B /* MFWResponseHandlerPipeline.m */; };
		23C7CD1C1BCB658000DC6DFD /* AFHTTPRequestOperation.m in Sources */ = {isa = PBXBuildFile; fileRef = 23C7CD0A1BCB658000DC6DFD /* AFHTTPRequestOperation.m */; };
		23C7CD1D1BCB658000DC6DFD /* AFHTTPRequestOperationManager.m in Sources */ = {isa = PBXBuildFile; fileRef = 23C7CD0C1BCB658000DC6DFD /* AFHTTPRequestOperationManager.m */; };
		23C7CD1E1BCB658000DC6DFD /* AFHTTPSessionManager.m in Sources */ = {isa = PBXBuildFile; fileRef = 23C7CD0E1BCB658000DC6DFD /* AFHTTPSessionManager.m */; };
		23C7CD1F1BCB658000DC6DFD /* AFNetworkReachabilityManager.m in Sources */ = {isa = PBXBuildFile; fileRef = 23C7CD111BCB658000DC6DFD /* AFNetworkReachabilityManager.m */; };
		23C7CD201BCB658000DC6DFD /* AFSecurityPolicy.m in Sources */ = {isa = PBXBuildFile; fileRef = 23C7CD131BCB658000DC6DFD /* AFSecurityPolicy.m */; };
		23C7CD211BCB658000DC6DFD /* AFURLConnectionOperation.m in Sources */ = {isa = PBXBuildFile; fileRef = 23C7CD151BCB658000DC6DFD /* AFURLConnectionOperation.m */; };
		23C7CD221BCB658000DC6DFD /* AFURLRequestSerialization.m in Sources */ = {isa = PBXBuildFile; fileRef = 23C7CD171BCB658000DC6DFD /* AFURLRequestSerialization.m */; };
		23C7CD231BCB658000DC6DFD /* AFURLResponseSerialization.m in Sources */ = {isa = PBXBuildFile; fileRef = 23C7CD191BCB658000DC6DFD /* AFURLResponseSerialization.m */; };
		23C7CD241BCB658000DC6DFD /* AFURLSessionManager.m in Sources */ = {isa = PBXBuildFile; fileRef = 23C7CD1B1BCB658000DC6DFD /* AFURLSessionManager.m */; };
		23C7CD261BCB662800DC6DFD /* SystemConfiguration.framework in Frameworks */ = {isa = PBXBuildFile; fileRef = 23C7CD251BCB662800DC6DFD /* SystemConfiguration.framework */; };
		23C7CD281BCB663000DC6DFD /* MobileCoreServices.framework in Frameworks */ = {isa = PBXBuildFile; fileRef = 23C7CD271BCB663000DC6DFD /* MobileCoreServices.framework */; };
		23DDAFDE1B901DE90007170E /* AppDelegate.m in Sources */ = {isa = PBXBuildFile; fileRef = 23DDAFDD1B901DE90007170E /* AppDelegate.m */; };
		23DDAFE41B901DE90007170E /* Main.storyboard in Resources */ = {isa = PBXBuildFile; fileRef = 23DDAFE21B901DE90007170E /* Main.storyboard */; };
		23DDAFE61B901DE90007170E /* Images.xcassets in Resources */ = {isa = PBXBuildFile; fileRef = 23DDAFE51B901DE90007170E /* Images.xcassets */; };
		23DDAFE91B901DE90007170E /* LaunchScreen.xib in Resources */ = {isa = PBXBuildFile; fileRef = 23DDAFE71B901DE90007170E /* LaunchScreen.xib */; };
		23DDAFF51B901DE90007170E /* HttpManagerTests.m in Sources */ = {isa = PBXBuildFile; fileRef = 23DDAFF41B901DE90007170E /* HttpManagerTests.m */; };
		23DDB0181B901E1D0007170E /* MFWHttpRequest.m in Sources */ = {isa = PBXBuildFile; fileRef = 23DDB00E1B901E1D0007170E /* MFWHttpRequest.m */; };
		23DDB0191B901E1D0007170E /* MFWHttpResponse.m in Sources */ = {isa = PBXBuildFile; fileRef = 23DDB0101B901E1D0007170E /* MFWHttpResponse.m */; };
		23DDB01A1B901E1D0007170E /* MFWHttpTask.m in Sources */ = {isa = PBXBuildFile; fileRef = 23DDB0121B901E1D0007170E /* MFWHttpTask.m */; };
		3330FFA41BF4B5DE00E0705C /* NormalViewController.m in Sources */ = {isa = PBXBuildFile; fileRef = 23DDAFE01B901DE90007170E /* NormalViewController.m */; };
		333DFB0C1BF485D30066CB7A /* DownloadViewController.m in Sources */ = {isa = PBXBuildFile; fileRef = 333DFB0B1BF485D30066CB7A /* DownloadViewController.m */; settings = {ASSET_TAGS = (); }; };
		333DFB0F1BF485E50066CB7A /* UploadViewController.m in Sources */ = {isa = PBXBuildFile; fileRef = 333DFB0E1BF485E50066CB7A /* UploadViewController.m */; settings = {ASSET_TAGS = (); }; };
		333DFB121BF485F90066CB7A /* MutilEngineViewController.m in Sources */ = {isa = PBXBuildFile; fileRef = 333DFB111BF485F90066CB7A /* MutilEngineViewController.m */; settings = {ASSET_TAGS = (); }; };
		33C306781BC7B9F0000350A8 /* MFWHttpTaskEngine.m in Sources */ = {isa = PBXBuildFile; fileRef = 33C306761BC7B9F0000350A8 /* MFWHttpTaskEngine.m */; };
/* End PBXBuildFile section */

/* Begin PBXContainerItemProxy section */
		23DDAFEF1B901DE90007170E /* PBXContainerItemProxy */ = {
			isa = PBXContainerItemProxy;
			containerPortal = 23DDAFCD1B901DE90007170E /* Project object */;
			proxyType = 1;
			remoteGlobalIDString = 23DDAFD41B901DE90007170E;
			remoteInfo = HttpManager;
		};
/* End PBXContainerItemProxy section */

/* Begin PBXFileReference section */
		235755081BFF08D600BA450C /* TestPrivateRequstPugin.h */ = {isa = PBXFileReference; fileEncoding = 4; lastKnownFileType = sourcecode.c.h; path = TestPrivateRequstPugin.h; sourceTree = "<group>"; };
		235755091BFF08D600BA450C /* TestPrivateRequstPugin.m */ = {isa = PBXFileReference; fileEncoding = 4; lastKnownFileType = sourcecode.c.objc; path = TestPrivateRequstPugin.m; sourceTree = "<group>"; };
		2357550B1BFF0C4300BA450C /* TestPublicRequstPugin.h */ = {isa = PBXFileReference; fileEncoding = 4; lastKnownFileType = sourcecode.c.h; path = TestPublicRequstPugin.h; sourceTree = "<group>"; };
		2357550C1BFF0C4300BA450C /* TestPublicRequstPugin.m */ = {isa = PBXFileReference; fileEncoding = 4; lastKnownFileType = sourcecode.c.objc; path = TestPublicRequstPugin.m; sourceTree = "<group>"; };
		2357550E1BFF2B0B00BA450C /* TestPrivateResponsePlugin.h */ = {isa = PBXFileReference; fileEncoding = 4; lastKnownFileType = sourcecode.c.h; path = TestPrivateResponsePlugin.h; sourceTree = "<group>"; };
		2357550F1BFF2B0B00BA450C /* TestPrivateResponsePlugin.m */ = {isa = PBXFileReference; fileEncoding = 4; lastKnownFileType = sourcecode.c.objc; path = TestPrivateResponsePlugin.m; sourceTree = "<group>"; };
		235755111BFF2B2700BA450C /* TestPublicResponsePlugin.h */ = {isa = PBXFileReference; fileEncoding = 4; lastKnownFileType = sourcecode.c.h; path = TestPublicResponsePlugin.h; sourceTree = "<group>"; };
		235755121BFF2B2700BA450C /* TestPublicResponsePlugin.m */ = {isa = PBXFileReference; fileEncoding = 4; lastKnownFileType = sourcecode.c.objc; path = TestPublicResponsePlugin.m; sourceTree = "<group>"; };
		235A83901BCE61FF00AB369A /* MFWHttpTaskAFNEngine.h */ = {isa = PBXFileReference; fileEncoding = 4; lastKnownFileType = sourcecode.c.h; path = MFWHttpTaskAFNEngine.h; sourceTree = "<group>"; };
		235A83911BCE61FF00AB369A /* MFWHttpTaskAFNEngine.m */ = {isa = PBXFileReference; fileEncoding = 4; lastKnownFileType = sourcecode.c.objc; path = MFWHttpTaskAFNEngine.m; sourceTree = "<group>"; };
		239892B31BCFB15700A22A1B /* MFWRequestBaseBuilder.h */ = {isa = PBXFileReference; fileEncoding = 4; lastKnownFileType = sourcecode.c.h; path = MFWRequestBaseBuilder.h; sourceTree = "<group>"; };
		239892B41BCFB15700A22A1B /* MFWRequestBaseBuilder.m */ = {isa = PBXFileReference; fileEncoding = 4; lastKnownFileType = sourcecode.c.objc; path = MFWRequestBaseBuilder.m; sourceTree = "<group>"; };
		239892B51BCFB15700A22A1B /* MFWRequestBuilderPipeline.h */ = {isa = PBXFileReference; fileEncoding = 4; lastKnownFileType = sourcecode.c.h; path = MFWRequestBuilderPipeline.h; sourceTree = "<group>"; };
		239892B61BCFB15700A22A1B /* MFWRequestBuilderPipeline.m */ = {isa = PBXFileReference; fileEncoding = 4; lastKnownFileType = sourcecode.c.objc; path = MFWRequestBuilderPipeline.m; sourceTree = "<group>"; };
		239892BC1BCFB85200A22A1B /* MFWResponseBaseHandler.h */ = {isa = PBXFileReference; fileEncoding = 4; lastKnownFileType = sourcecode.c.h; path = MFWResponseBaseHandler.h; sourceTree = "<group>"; };
		239892BD1BCFB85200A22A1B /* MFWResponseBaseHandler.m */ = {isa = PBXFileReference; fileEncoding = 4; lastKnownFileType = sourcecode.c.objc; path = MFWResponseBaseHandler.m; sourceTree = "<group>"; };
		239892BE1BCFB85200A22A1B /* MFWResponseHandlerPipeline.h */ = {isa = PBXFileReference; fileEncoding = 4; lastKnownFileType = sourcecode.c.h; path = MFWResponseHandlerPipeline.h; sourceTree = "<group>"; };
		239892BF1BCFB85200A22A1B /* MFWResponseHandlerPipeline.m */ = {isa = PBXFileReference; fileEncoding = 4; lastKnownFileType = sourcecode.c.objc; path = MFWResponseHandlerPipeline.m; sourceTree = "<group>"; };
		23C7CD091BCB658000DC6DFD /* AFHTTPRequestOperation.h */ = {isa = PBXFileReference; fileEncoding = 4; lastKnownFileType = sourcecode.c.h; path = AFHTTPRequestOperation.h; sourceTree = "<group>"; };
		23C7CD0A1BCB658000DC6DFD /* AFHTTPRequestOperation.m */ = {isa = PBXFileReference; fileEncoding = 4; lastKnownFileType = sourcecode.c.objc; path = AFHTTPRequestOperation.m; sourceTree = "<group>"; };
		23C7CD0B1BCB658000DC6DFD /* AFHTTPRequestOperationManager.h */ = {isa = PBXFileReference; fileEncoding = 4; lastKnownFileType = sourcecode.c.h; path = AFHTTPRequestOperationManager.h; sourceTree = "<group>"; };
		23C7CD0C1BCB658000DC6DFD /* AFHTTPRequestOperationManager.m */ = {isa = PBXFileReference; fileEncoding = 4; lastKnownFileType = sourcecode.c.objc; path = AFHTTPRequestOperationManager.m; sourceTree = "<group>"; };
		23C7CD0D1BCB658000DC6DFD /* AFHTTPSessionManager.h */ = {isa = PBXFileReference; fileEncoding = 4; lastKnownFileType = sourcecode.c.h; path = AFHTTPSessionManager.h; sourceTree = "<group>"; };
		23C7CD0E1BCB658000DC6DFD /* AFHTTPSessionManager.m */ = {isa = PBXFileReference; fileEncoding = 4; lastKnownFileType = sourcecode.c.objc; path = AFHTTPSessionManager.m; sourceTree = "<group>"; };
		23C7CD0F1BCB658000DC6DFD /* AFNetworking.h */ = {isa = PBXFileReference; fileEncoding = 4; lastKnownFileType = sourcecode.c.h; path = AFNetworking.h; sourceTree = "<group>"; };
		23C7CD101BCB658000DC6DFD /* AFNetworkReachabilityManager.h */ = {isa = PBXFileReference; fileEncoding = 4; lastKnownFileType = sourcecode.c.h; path = AFNetworkReachabilityManager.h; sourceTree = "<group>"; };
		23C7CD111BCB658000DC6DFD /* AFNetworkReachabilityManager.m */ = {isa = PBXFileReference; fileEncoding = 4; lastKnownFileType = sourcecode.c.objc; path = AFNetworkReachabilityManager.m; sourceTree = "<group>"; };
		23C7CD121BCB658000DC6DFD /* AFSecurityPolicy.h */ = {isa = PBXFileReference; fileEncoding = 4; lastKnownFileType = sourcecode.c.h; path = AFSecurityPolicy.h; sourceTree = "<group>"; };
		23C7CD131BCB658000DC6DFD /* AFSecurityPolicy.m */ = {isa = PBXFileReference; fileEncoding = 4; lastKnownFileType = sourcecode.c.objc; path = AFSecurityPolicy.m; sourceTree = "<group>"; };
		23C7CD141BCB658000DC6DFD /* AFURLConnectionOperation.h */ = {isa = PBXFileReference; fileEncoding = 4; lastKnownFileType = sourcecode.c.h; path = AFURLConnectionOperation.h; sourceTree = "<group>"; };
		23C7CD151BCB658000DC6DFD /* AFURLConnectionOperation.m */ = {isa = PBXFileReference; fileEncoding = 4; lastKnownFileType = sourcecode.c.objc; path = AFURLConnectionOperation.m; sourceTree = "<group>"; };
		23C7CD161BCB658000DC6DFD /* AFURLRequestSerialization.h */ = {isa = PBXFileReference; fileEncoding = 4; lastKnownFileType = sourcecode.c.h; path = AFURLRequestSerialization.h; sourceTree = "<group>"; };
		23C7CD171BCB658000DC6DFD /* AFURLRequestSerialization.m */ = {isa = PBXFileReference; fileEncoding = 4; lastKnownFileType = sourcecode.c.objc; path = AFURLRequestSerialization.m; sourceTree = "<group>"; };
		23C7CD181BCB658000DC6DFD /* AFURLResponseSerialization.h */ = {isa = PBXFileReference; fileEncoding = 4; lastKnownFileType = sourcecode.c.h; path = AFURLResponseSerialization.h; sourceTree = "<group>"; };
		23C7CD191BCB658000DC6DFD /* AFURLResponseSerialization.m */ = {isa = PBXFileReference; fileEncoding = 4; lastKnownFileType = sourcecode.c.objc; path = AFURLResponseSerialization.m; sourceTree = "<group>"; };
		23C7CD1A1BCB658000DC6DFD /* AFURLSessionManager.h */ = {isa = PBXFileReference; fileEncoding = 4; lastKnownFileType = sourcecode.c.h; path = AFURLSessionManager.h; sourceTree = "<group>"; };
		23C7CD1B1BCB658000DC6DFD /* AFURLSessionManager.m */ = {isa = PBXFileReference; fileEncoding = 4; lastKnownFileType = sourcecode.c.objc; path = AFURLSessionManager.m; sourceTree = "<group>"; };
		23C7CD251BCB662800DC6DFD /* SystemConfiguration.framework */ = {isa = PBXFileReference; lastKnownFileType = wrapper.framework; name = SystemConfiguration.framework; path = System/Library/Frameworks/SystemConfiguration.framework; sourceTree = SDKROOT; };
		23C7CD271BCB663000DC6DFD /* MobileCoreServices.framework */ = {isa = PBXFileReference; lastKnownFileType = wrapper.framework; name = MobileCoreServices.framework; path = System/Library/Frameworks/MobileCoreServices.framework; sourceTree = SDKROOT; };
		23DDAFD51B901DE90007170E /* HttpManager.app */ = {isa = PBXFileReference; explicitFileType = wrapper.application; includeInIndex = 0; path = HttpManager.app; sourceTree = BUILT_PRODUCTS_DIR; };
		23DDAFD91B901DE90007170E /* Info.plist */ = {isa = PBXFileReference; lastKnownFileType = text.plist.xml; path = Info.plist; sourceTree = "<group>"; };
		23DDAFDA1B901DE90007170E /* main.m */ = {isa = PBXFileReference; lastKnownFileType = sourcecode.c.objc; path = main.m; sourceTree = "<group>"; };
		23DDAFDC1B901DE90007170E /* AppDelegate.h */ = {isa = PBXFileReference; lastKnownFileType = sourcecode.c.h; path = AppDelegate.h; sourceTree = "<group>"; };
		23DDAFDD1B901DE90007170E /* AppDelegate.m */ = {isa = PBXFileReference; lastKnownFileType = sourcecode.c.objc; path = AppDelegate.m; sourceTree = "<group>"; };
		23DDAFDF1B901DE90007170E /* NormalViewController.h */ = {isa = PBXFileReference; lastKnownFileType = sourcecode.c.h; path = NormalViewController.h; sourceTree = "<group>"; };
		23DDAFE01B901DE90007170E /* NormalViewController.m */ = {isa = PBXFileReference; lastKnownFileType = sourcecode.c.objc; path = NormalViewController.m; sourceTree = "<group>"; };
		23DDAFE31B901DE90007170E /* Base */ = {isa = PBXFileReference; lastKnownFileType = file.storyboard; name = Base; path = Base.lproj/Main.storyboard; sourceTree = "<group>"; };
		23DDAFE51B901DE90007170E /* Images.xcassets */ = {isa = PBXFileReference; lastKnownFileType = folder.assetcatalog; path = Images.xcassets; sourceTree = "<group>"; };
		23DDAFE81B901DE90007170E /* Base */ = {isa = PBXFileReference; lastKnownFileType = file.xib; name = Base; path = Base.lproj/LaunchScreen.xib; sourceTree = "<group>"; };
		23DDAFEE1B901DE90007170E /* HttpManagerTests.xctest */ = {isa = PBXFileReference; explicitFileType = wrapper.cfbundle; includeInIndex = 0; path = HttpManagerTests.xctest; sourceTree = BUILT_PRODUCTS_DIR; };
		23DDAFF31B901DE90007170E /* Info.plist */ = {isa = PBXFileReference; lastKnownFileType = text.plist.xml; path = Info.plist; sourceTree = "<group>"; };
		23DDAFF41B901DE90007170E /* HttpManagerTests.m */ = {isa = PBXFileReference; lastKnownFileType = sourcecode.c.objc; path = HttpManagerTests.m; sourceTree = "<group>"; };
		23DDB00D1B901E1D0007170E /* MFWHttpRequest.h */ = {isa = PBXFileReference; fileEncoding = 4; lastKnownFileType = sourcecode.c.h; path = MFWHttpRequest.h; sourceTree = "<group>"; };
		23DDB00E1B901E1D0007170E /* MFWHttpRequest.m */ = {isa = PBXFileReference; fileEncoding = 4; lastKnownFileType = sourcecode.c.objc; path = MFWHttpRequest.m; sourceTree = "<group>"; };
		23DDB00F1B901E1D0007170E /* MFWHttpResponse.h */ = {isa = PBXFileReference; fileEncoding = 4; lastKnownFileType = sourcecode.c.h; path = MFWHttpResponse.h; sourceTree = "<group>"; };
		23DDB0101B901E1D0007170E /* MFWHttpResponse.m */ = {isa = PBXFileReference; fileEncoding = 4; lastKnownFileType = sourcecode.c.objc; path = MFWHttpResponse.m; sourceTree = "<group>"; };
		23DDB0111B901E1D0007170E /* MFWHttpTask.h */ = {isa = PBXFileReference; fileEncoding = 4; lastKnownFileType = sourcecode.c.h; path = MFWHttpTask.h; sourceTree = "<group>"; };
		23DDB0121B901E1D0007170E /* MFWHttpTask.m */ = {isa = PBXFileReference; fileEncoding = 4; lastKnownFileType = sourcecode.c.objc; path = MFWHttpTask.m; sourceTree = "<group>"; };
		333DFB0A1BF485D30066CB7A /* DownloadViewController.h */ = {isa = PBXFileReference; fileEncoding = 4; lastKnownFileType = sourcecode.c.h; path = DownloadViewController.h; sourceTree = "<group>"; };
		333DFB0B1BF485D30066CB7A /* DownloadViewController.m */ = {isa = PBXFileReference; fileEncoding = 4; lastKnownFileType = sourcecode.c.objc; path = DownloadViewController.m; sourceTree = "<group>"; };
		333DFB0D1BF485E50066CB7A /* UploadViewController.h */ = {isa = PBXFileReference; fileEncoding = 4; lastKnownFileType = sourcecode.c.h; path = UploadViewController.h; sourceTree = "<group>"; };
		333DFB0E1BF485E50066CB7A /* UploadViewController.m */ = {isa = PBXFileReference; fileEncoding = 4; lastKnownFileType = sourcecode.c.objc; path = UploadViewController.m; sourceTree = "<group>"; };
		333DFB101BF485F90066CB7A /* MutilEngineViewController.h */ = {isa = PBXFileReference; fileEncoding = 4; lastKnownFileType = sourcecode.c.h; path = MutilEngineViewController.h; sourceTree = "<group>"; };
		333DFB111BF485F90066CB7A /* MutilEngineViewController.m */ = {isa = PBXFileReference; fileEncoding = 4; lastKnownFileType = sourcecode.c.objc; path = MutilEngineViewController.m; sourceTree = "<group>"; };
		33C306751BC7B9F0000350A8 /* MFWHttpTaskEngine.h */ = {isa = PBXFileReference; fileEncoding = 4; lastKnownFileType = sourcecode.c.h; path = MFWHttpTaskEngine.h; sourceTree = "<group>"; };
		33C306761BC7B9F0000350A8 /* MFWHttpTaskEngine.m */ = {isa = PBXFileReference; fileEncoding = 4; lastKnownFileType = sourcecode.c.objc; path = MFWHttpTaskEngine.m; sourceTree = "<group>"; };
		781C556C1BF0D1760034F172 /* HttpResponseHandleProtocol.h */ = {isa = PBXFileReference; fileEncoding = 4; lastKnownFileType = sourcecode.c.h; path = HttpResponseHandleProtocol.h; sourceTree = "<group>"; };
		781C556D1BF0D1810034F172 /* HttpRequestBuildProtocol.h */ = {isa = PBXFileReference; fileEncoding = 4; lastKnownFileType = sourcecode.c.h; path = HttpRequestBuildProtocol.h; sourceTree = "<group>"; };
/* End PBXFileReference section */

/* Begin PBXFrameworksBuildPhase section */
		23DDAFD21B901DE90007170E /* Frameworks */ = {
			isa = PBXFrameworksBuildPhase;
			buildActionMask = 2147483647;
			files = (
				23C7CD281BCB663000DC6DFD /* MobileCoreServices.framework in Frameworks */,
				23C7CD261BCB662800DC6DFD /* SystemConfiguration.framework in Frameworks */,
			);
			runOnlyForDeploymentPostprocessing = 0;
		};
		23DDAFEB1B901DE90007170E /* Frameworks */ = {
			isa = PBXFrameworksBuildPhase;
			buildActionMask = 2147483647;
			files = (
			);
			runOnlyForDeploymentPostprocessing = 0;
		};
/* End PBXFrameworksBuildPhase section */

/* Begin PBXGroup section */
		235755071BFF06E700BA450C /* TestPlugin */ = {
			isa = PBXGroup;
			children = (
				235755081BFF08D600BA450C /* TestPrivateRequstPugin.h */,
				235755091BFF08D600BA450C /* TestPrivateRequstPugin.m */,
				2357550B1BFF0C4300BA450C /* TestPublicRequstPugin.h */,
				2357550C1BFF0C4300BA450C /* TestPublicRequstPugin.m */,
				2357550E1BFF2B0B00BA450C /* TestPrivateResponsePlugin.h */,
				2357550F1BFF2B0B00BA450C /* TestPrivateResponsePlugin.m */,
				235755111BFF2B2700BA450C /* TestPublicResponsePlugin.h */,
				235755121BFF2B2700BA450C /* TestPublicResponsePlugin.m */,
			);
			path = TestPlugin;
			sourceTree = "<group>";
		};
		239892B11BCFB0E900A22A1B /* Request */ = {
			isa = PBXGroup;
			children = (
				781C556D1BF0D1810034F172 /* HttpRequestBuildProtocol.h */,
				239892B31BCFB15700A22A1B /* MFWRequestBaseBuilder.h */,
				239892B41BCFB15700A22A1B /* MFWRequestBaseBuilder.m */,
				239892B51BCFB15700A22A1B /* MFWRequestBuilderPipeline.h */,
				239892B61BCFB15700A22A1B /* MFWRequestBuilderPipeline.m */,
			);
			path = Request;
			sourceTree = "<group>";
		};
		239892B21BCFB13700A22A1B /* Response */ = {
			isa = PBXGroup;
			children = (
				781C556C1BF0D1760034F172 /* HttpResponseHandleProtocol.h */,
				239892BC1BCFB85200A22A1B /* MFWResponseBaseHandler.h */,
				239892BD1BCFB85200A22A1B /* MFWResponseBaseHandler.m */,
				239892BE1BCFB85200A22A1B /* MFWResponseHandlerPipeline.h */,
				239892BF1BCFB85200A22A1B /* MFWResponseHandlerPipeline.m */,
			);
			path = Response;
			sourceTree = "<group>";
		};
		23C7CD081BCB658000DC6DFD /* AFNetworking */ = {
			isa = PBXGroup;
			children = (
				23C7CD091BCB658000DC6DFD /* AFHTTPRequestOperation.h */,
				23C7CD0A1BCB658000DC6DFD /* AFHTTPRequestOperation.m */,
				23C7CD0B1BCB658000DC6DFD /* AFHTTPRequestOperationManager.h */,
				23C7CD0C1BCB658000DC6DFD /* AFHTTPRequestOperationManager.m */,
				23C7CD0D1BCB658000DC6DFD /* AFHTTPSessionManager.h */,
				23C7CD0E1BCB658000DC6DFD /* AFHTTPSessionManager.m */,
				23C7CD0F1BCB658000DC6DFD /* AFNetworking.h */,
				23C7CD101BCB658000DC6DFD /* AFNetworkReachabilityManager.h */,
				23C7CD111BCB658000DC6DFD /* AFNetworkReachabilityManager.m */,
				23C7CD121BCB658000DC6DFD /* AFSecurityPolicy.h */,
				23C7CD131BCB658000DC6DFD /* AFSecurityPolicy.m */,
				23C7CD141BCB658000DC6DFD /* AFURLConnectionOperation.h */,
				23C7CD151BCB658000DC6DFD /* AFURLConnectionOperation.m */,
				23C7CD161BCB658000DC6DFD /* AFURLRequestSerialization.h */,
				23C7CD171BCB658000DC6DFD /* AFURLRequestSerialization.m */,
				23C7CD181BCB658000DC6DFD /* AFURLResponseSerialization.h */,
				23C7CD191BCB658000DC6DFD /* AFURLResponseSerialization.m */,
				23C7CD1A1BCB658000DC6DFD /* AFURLSessionManager.h */,
				23C7CD1B1BCB658000DC6DFD /* AFURLSessionManager.m */,
			);
			path = AFNetworking;
			sourceTree = "<group>";
		};
		23DDAFCC1B901DE90007170E = {
			isa = PBXGroup;
			children = (
				23C7CD271BCB663000DC6DFD /* MobileCoreServices.framework */,
				23C7CD251BCB662800DC6DFD /* SystemConfiguration.framework */,
				23DDAFD71B901DE90007170E /* HttpManager */,
				23DDAFF11B901DE90007170E /* HttpManagerTests */,
				23DDAFD61B901DE90007170E /* Products */,
			);
			sourceTree = "<group>";
		};
		23DDAFD61B901DE90007170E /* Products */ = {
			isa = PBXGroup;
			children = (
				23DDAFD51B901DE90007170E /* HttpManager.app */,
				23DDAFEE1B901DE90007170E /* HttpManagerTests.xctest */,
			);
			name = Products;
			sourceTree = "<group>";
		};
		23DDAFD71B901DE90007170E /* HttpManager */ = {
			isa = PBXGroup;
			children = (
				23DDAFFE1B901DFE0007170E /* classes */,
				23DDAFDC1B901DE90007170E /* AppDelegate.h */,
				23DDAFDD1B901DE90007170E /* AppDelegate.m */,
				235755071BFF06E700BA450C /* TestPlugin */,
				333DFB0A1BF485D30066CB7A /* DownloadViewController.h */,
				333DFB0B1BF485D30066CB7A /* DownloadViewController.m */,
				333DFB0D1BF485E50066CB7A /* UploadViewController.h */,
				333DFB0E1BF485E50066CB7A /* UploadViewController.m */,
				333DFB101BF485F90066CB7A /* MutilEngineViewController.h */,
				333DFB111BF485F90066CB7A /* MutilEngineViewController.m */,
				23DDAFDF1B901DE90007170E /* NormalViewController.h */,
				23DDAFE01B901DE90007170E /* NormalViewController.m */,
				23DDAFE21B901DE90007170E /* Main.storyboard */,
				23DDAFE51B901DE90007170E /* Images.xcassets */,
				23DDAFE71B901DE90007170E /* LaunchScreen.xib */,
				23DDAFD81B901DE90007170E /* Supporting Files */,
			);
			path = HttpManager;
			sourceTree = "<group>";
		};
		23DDAFD81B901DE90007170E /* Supporting Files */ = {
			isa = PBXGroup;
			children = (
				23DDAFD91B901DE90007170E /* Info.plist */,
				23DDAFDA1B901DE90007170E /* main.m */,
			);
			name = "Supporting Files";
			sourceTree = "<group>";
		};
		23DDAFF11B901DE90007170E /* HttpManagerTests */ = {
			isa = PBXGroup;
			children = (
				23DDAFF41B901DE90007170E /* HttpManagerTests.m */,
				23DDAFF21B901DE90007170E /* Supporting Files */,
			);
			path = HttpManagerTests;
			sourceTree = "<group>";
		};
		23DDAFF21B901DE90007170E /* Supporting Files */ = {
			isa = PBXGroup;
			children = (
				23DDAFF31B901DE90007170E /* Info.plist */,
			);
			name = "Supporting Files";
			sourceTree = "<group>";
		};
		23DDAFFE1B901DFE0007170E /* classes */ = {
			isa = PBXGroup;
			children = (
				23C7CD081BCB658000DC6DFD /* AFNetworking */,
				23DDAFFF1B901E1D0007170E /* MFWHttpManager */,
			);
			name = classes;
			sourceTree = "<group>";
		};
		23DDAFFF1B901E1D0007170E /* MFWHttpManager */ = {
			isa = PBXGroup;
			children = (
				33C306721BC7B9F0000350A8 /* Engine */,
				23DDB0051B901E1D0007170E /* Plugin */,
				23DDB00C1B901E1D0007170E /* Task */,
			);
			path = MFWHttpManager;
			sourceTree = "<group>";
		};
		23DDB0051B901E1D0007170E /* Plugin */ = {
			isa = PBXGroup;
			children = (
				239892B11BCFB0E900A22A1B /* Request */,
				239892B21BCFB13700A22A1B /* Response */,
			);
			path = Plugin;
			sourceTree = "<group>";
		};
		23DDB00C1B901E1D0007170E /* Task */ = {
			isa = PBXGroup;
			children = (
				23DDB00D1B901E1D0007170E /* MFWHttpRequest.h */,
				23DDB00E1B901E1D0007170E /* MFWHttpRequest.m */,
				23DDB00F1B901E1D0007170E /* MFWHttpResponse.h */,
				23DDB0101B901E1D0007170E /* MFWHttpResponse.m */,
				23DDB0111B901E1D0007170E /* MFWHttpTask.h */,
				23DDB0121B901E1D0007170E /* MFWHttpTask.m */,
			);
			path = Task;
			sourceTree = "<group>";
		};
		33C306721BC7B9F0000350A8 /* Engine */ = {
			isa = PBXGroup;
			children = (
				33C306751BC7B9F0000350A8 /* MFWHttpTaskEngine.h */,
				33C306761BC7B9F0000350A8 /* MFWHttpTaskEngine.m */,
				235A83901BCE61FF00AB369A /* MFWHttpTaskAFNEngine.h */,
				235A83911BCE61FF00AB369A /* MFWHttpTaskAFNEngine.m */,
			);
			path = Engine;
			sourceTree = "<group>";
		};
/* End PBXGroup section */

/* Begin PBXNativeTarget section */
		23DDAFD41B901DE90007170E /* HttpManager */ = {
			isa = PBXNativeTarget;
			buildConfigurationList = 23DDAFF81B901DE90007170E /* Build configuration list for PBXNativeTarget "HttpManager" */;
			buildPhases = (
				23DDAFD11B901DE90007170E /* Sources */,
				23DDAFD21B901DE90007170E /* Frameworks */,
				23DDAFD31B901DE90007170E /* Resources */,
			);
			buildRules = (
			);
			dependencies = (
			);
			name = HttpManager;
			productName = HttpManager;
			productReference = 23DDAFD51B901DE90007170E /* HttpManager.app */;
			productType = "com.apple.product-type.application";
		};
		23DDAFED1B901DE90007170E /* HttpManagerTests */ = {
			isa = PBXNativeTarget;
			buildConfigurationList = 23DDAFFB1B901DE90007170E /* Build configuration list for PBXNativeTarget "HttpManagerTests" */;
			buildPhases = (
				23DDAFEA1B901DE90007170E /* Sources */,
				23DDAFEB1B901DE90007170E /* Frameworks */,
				23DDAFEC1B901DE90007170E /* Resources */,
			);
			buildRules = (
			);
			dependencies = (
				23DDAFF01B901DE90007170E /* PBXTargetDependency */,
			);
			name = HttpManagerTests;
			productName = HttpManagerTests;
			productReference = 23DDAFEE1B901DE90007170E /* HttpManagerTests.xctest */;
			productType = "com.apple.product-type.bundle.unit-test";
		};
/* End PBXNativeTarget section */

/* Begin PBXProject section */
		23DDAFCD1B901DE90007170E /* Project object */ = {
			isa = PBXProject;
			attributes = {
				LastUpgradeCheck = 0630;
				ORGANIZATIONNAME = "刘澈";
				TargetAttributes = {
					23DDAFD41B901DE90007170E = {
						CreatedOnToolsVersion = 6.3.1;
						SystemCapabilities = {
							com.apple.BackgroundModes = {
								enabled = 1;
							};
						};
					};
					23DDAFED1B901DE90007170E = {
						CreatedOnToolsVersion = 6.3.1;
						TestTargetID = 23DDAFD41B901DE90007170E;
					};
				};
			};
			buildConfigurationList = 23DDAFD01B901DE90007170E /* Build configuration list for PBXProject "HttpManager" */;
			compatibilityVersion = "Xcode 3.2";
			developmentRegion = English;
			hasScannedForEncodings = 0;
			knownRegions = (
				en,
				Base,
			);
			mainGroup = 23DDAFCC1B901DE90007170E;
			productRefGroup = 23DDAFD61B901DE90007170E /* Products */;
			projectDirPath = "";
			projectRoot = "";
			targets = (
				23DDAFD41B901DE90007170E /* HttpManager */,
				23DDAFED1B901DE90007170E /* HttpManagerTests */,
			);
		};
/* End PBXProject section */

/* Begin PBXResourcesBuildPhase section */
		23DDAFD31B901DE90007170E /* Resources */ = {
			isa = PBXResourcesBuildPhase;
			buildActionMask = 2147483647;
			files = (
				23DDAFE41B901DE90007170E /* Main.storyboard in Resources */,
				23DDAFE91B901DE90007170E /* LaunchScreen.xib in Resources */,
				23DDAFE61B901DE90007170E /* Images.xcassets in Resources */,
			);
			runOnlyForDeploymentPostprocessing = 0;
		};
		23DDAFEC1B901DE90007170E /* Resources */ = {
			isa = PBXResourcesBuildPhase;
			buildActionMask = 2147483647;
			files = (
			);
			runOnlyForDeploymentPostprocessing = 0;
		};
/* End PBXResourcesBuildPhase section */

/* Begin PBXSourcesBuildPhase section */
		23DDAFD11B901DE90007170E /* Sources */ = {
			isa = PBXSourcesBuildPhase;
			buildActionMask = 2147483647;
			files = (
				3330FFA41BF4B5DE00E0705C /* NormalViewController.m in Sources */,
				333DFB0F1BF485E50066CB7A /* UploadViewController.m in Sources */,
				235755101BFF2B0B00BA450C /* TestPrivateResponsePlugin.m in Sources */,
				235A83931BCE64F800AB369A /* main.m in Sources */,
				23C7CD1C1BCB658000DC6DFD /* AFHTTPRequestOperation.m in Sources */,
				2357550D1BFF0C4300BA450C /* TestPublicRequstPugin.m in Sources */,
				333DFB0C1BF485D30066CB7A /* DownloadViewController.m in Sources */,
				23DDAFDE1B901DE90007170E /* AppDelegate.m in Sources */,
				23DDB01A1B901E1D0007170E /* MFWHttpTask.m in Sources */,
				23C7CD241BCB658000DC6DFD /* AFURLSessionManager.m in Sources */,
				23C7CD1E1BCB658000DC6DFD /* AFHTTPSessionManager.m in Sources */,
				23C7CD1F1BCB658000DC6DFD /* AFNetworkReachabilityManager.m in Sources */,
				239892BA1BCFB15700A22A1B /* MFWRequestBuilderPipeline.m in Sources */,
				23C7CD231BCB658000DC6DFD /* AFURLResponseSerialization.m in Sources */,
				23C7CD221BCB658000DC6DFD /* AFURLRequestSerialization.m in Sources */,
				23C7CD211BCB658000DC6DFD /* AFURLConnectionOperation.m in Sources */,
				235755131BFF2B2700BA450C /* TestPublicResponsePlugin.m in Sources */,
				239892C11BCFB85200A22A1B /* MFWResponseHandlerPipeline.m in Sources */,
				239892B91BCFB15700A22A1B /* MFWRequestBaseBuilder.m in Sources */,
				239892C01BCFB85200A22A1B /* MFWResponseBaseHandler.m in Sources */,
				23C7CD1D1BCB658000DC6DFD /* AFHTTPRequestOperationManager.m in Sources */,
				235A83921BCE61FF00AB369A /* MFWHttpTaskAFNEngine.m in Sources */,
				23C7CD201BCB658000DC6DFD /* AFSecurityPolicy.m in Sources */,
				33C306781BC7B9F0000350A8 /* MFWHttpTaskEngine.m in Sources */,
				23DDB0181B901E1D0007170E /* MFWHttpRequest.m in Sources */,
				333DFB121BF485F90066CB7A /* MutilEngineViewController.m in Sources */,
				23DDB0191B901E1D0007170E /* MFWHttpResponse.m in Sources */,
				2357550A1BFF08D600BA450C /* TestPrivateRequstPugin.m in Sources */,
			);
			runOnlyForDeploymentPostprocessing = 0;
		};
		23DDAFEA1B901DE90007170E /* Sources */ = {
			isa = PBXSourcesBuildPhase;
			buildActionMask = 2147483647;
			files = (
				23DDAFF51B901DE90007170E /* HttpManagerTests.m in Sources */,
			);
			runOnlyForDeploymentPostprocessing = 0;
		};
/* End PBXSourcesBuildPhase section */

/* Begin PBXTargetDependency section */
		23DDAFF01B901DE90007170E /* PBXTargetDependency */ = {
			isa = PBXTargetDependency;
			target = 23DDAFD41B901DE90007170E /* HttpManager */;
			targetProxy = 23DDAFEF1B901DE90007170E /* PBXContainerItemProxy */;
		};
/* End PBXTargetDependency section */

/* Begin PBXVariantGroup section */
		23DDAFE21B901DE90007170E /* Main.storyboard */ = {
			isa = PBXVariantGroup;
			children = (
				23DDAFE31B901DE90007170E /* Base */,
			);
			name = Main.storyboard;
			sourceTree = "<group>";
		};
		23DDAFE71B901DE90007170E /* LaunchScreen.xib */ = {
			isa = PBXVariantGroup;
			children = (
				23DDAFE81B901DE90007170E /* Base */,
			);
			name = LaunchScreen.xib;
			sourceTree = "<group>";
		};
/* End PBXVariantGroup section */

/* Begin XCBuildConfiguration section */
		23DDAFF61B901DE90007170E /* Debug */ = {
			isa = XCBuildConfiguration;
			buildSettings = {
				ALWAYS_SEARCH_USER_PATHS = NO;
				CLANG_CXX_LANGUAGE_STANDARD = "gnu++0x";
				CLANG_CXX_LIBRARY = "libc++";
				CLANG_ENABLE_MODULES = YES;
				CLANG_ENABLE_OBJC_ARC = YES;
				CLANG_WARN_BOOL_CONVERSION = YES;
				CLANG_WARN_CONSTANT_CONVERSION = YES;
				CLANG_WARN_DIRECT_OBJC_ISA_USAGE = YES_ERROR;
				CLANG_WARN_EMPTY_BODY = YES;
				CLANG_WARN_ENUM_CONVERSION = YES;
				CLANG_WARN_INT_CONVERSION = YES;
				CLANG_WARN_OBJC_ROOT_CLASS = YES_ERROR;
				CLANG_WARN_UNREACHABLE_CODE = YES;
				CLANG_WARN__DUPLICATE_METHOD_MATCH = YES;
				"CODE_SIGN_IDENTITY[sdk=iphoneos*]" = "iPhone Developer";
				COPY_PHASE_STRIP = NO;
				DEBUG_INFORMATION_FORMAT = "dwarf-with-dsym";
				ENABLE_STRICT_OBJC_MSGSEND = YES;
				GCC_C_LANGUAGE_STANDARD = gnu99;
				GCC_DYNAMIC_NO_PIC = NO;
				GCC_NO_COMMON_BLOCKS = YES;
				GCC_OPTIMIZATION_LEVEL = 0;
				GCC_PREPROCESSOR_DEFINITIONS = (
					"DEBUG=1",
					"$(inherited)",
				);
				GCC_SYMBOLS_PRIVATE_EXTERN = NO;
				GCC_WARN_64_TO_32_BIT_CONVERSION = YES;
				GCC_WARN_ABOUT_RETURN_TYPE = YES_ERROR;
				GCC_WARN_UNDECLARED_SELECTOR = YES;
				GCC_WARN_UNINITIALIZED_AUTOS = YES_AGGRESSIVE;
				GCC_WARN_UNUSED_FUNCTION = YES;
				GCC_WARN_UNUSED_VARIABLE = YES;
				IPHONEOS_DEPLOYMENT_TARGET = 7.0;
				MTL_ENABLE_DEBUG_INFO = YES;
				ONLY_ACTIVE_ARCH = YES;
				SDKROOT = iphoneos;
			};
			name = Debug;
		};
		23DDAFF71B901DE90007170E /* Release */ = {
			isa = XCBuildConfiguration;
			buildSettings = {
				ALWAYS_SEARCH_USER_PATHS = NO;
				CLANG_CXX_LANGUAGE_STANDARD = "gnu++0x";
				CLANG_CXX_LIBRARY = "libc++";
				CLANG_ENABLE_MODULES = YES;
				CLANG_ENABLE_OBJC_ARC = YES;
				CLANG_WARN_BOOL_CONVERSION = YES;
				CLANG_WARN_CONSTANT_CONVERSION = YES;
				CLANG_WARN_DIRECT_OBJC_ISA_USAGE = YES_ERROR;
				CLANG_WARN_EMPTY_BODY = YES;
				CLANG_WARN_ENUM_CONVERSION = YES;
				CLANG_WARN_INT_CONVERSION = YES;
				CLANG_WARN_OBJC_ROOT_CLASS = YES_ERROR;
				CLANG_WARN_UNREACHABLE_CODE = YES;
				CLANG_WARN__DUPLICATE_METHOD_MATCH = YES;
				"CODE_SIGN_IDENTITY[sdk=iphoneos*]" = "iPhone Developer";
				COPY_PHASE_STRIP = NO;
				DEBUG_INFORMATION_FORMAT = "dwarf-with-dsym";
				ENABLE_NS_ASSERTIONS = NO;
				ENABLE_STRICT_OBJC_MSGSEND = YES;
				GCC_C_LANGUAGE_STANDARD = gnu99;
				GCC_NO_COMMON_BLOCKS = YES;
				GCC_WARN_64_TO_32_BIT_CONVERSION = YES;
				GCC_WARN_ABOUT_RETURN_TYPE = YES_ERROR;
				GCC_WARN_UNDECLARED_SELECTOR = YES;
				GCC_WARN_UNINITIALIZED_AUTOS = YES_AGGRESSIVE;
				GCC_WARN_UNUSED_FUNCTION = YES;
				GCC_WARN_UNUSED_VARIABLE = YES;
				IPHONEOS_DEPLOYMENT_TARGET = 7.0;
				MTL_ENABLE_DEBUG_INFO = NO;
				SDKROOT = iphoneos;
				VALIDATE_PRODUCT = YES;
			};
			name = Release;
		};
		23DDAFF91B901DE90007170E /* Debug */ = {
			isa = XCBuildConfiguration;
			buildSettings = {
				ASSETCATALOG_COMPILER_APPICON_NAME = AppIcon;
				INFOPLIST_FILE = HttpManager/Info.plist;
				IPHONEOS_DEPLOYMENT_TARGET = 9.0;
				LD_RUNPATH_SEARCH_PATHS = "$(inherited) @executable_path/Frameworks";
				PRODUCT_NAME = "$(TARGET_NAME)";
			};
			name = Debug;
		};
		23DDAFFA1B901DE90007170E /* Release */ = {
			isa = XCBuildConfiguration;
			buildSettings = {
				ASSETCATALOG_COMPILER_APPICON_NAME = AppIcon;
				INFOPLIST_FILE = HttpManager/Info.plist;
				IPHONEOS_DEPLOYMENT_TARGET = 9.0;
				LD_RUNPATH_SEARCH_PATHS = "$(inherited) @executable_path/Frameworks";
				PRODUCT_NAME = "$(TARGET_NAME)";
			};
			name = Release;
		};
		23DDAFFC1B901DE90007170E /* Debug */ = {
			isa = XCBuildConfiguration;
			buildSettings = {
				BUNDLE_LOADER = "$(TEST_HOST)";
				FRAMEWORK_SEARCH_PATHS = (
					"$(SDKROOT)/Developer/Library/Frameworks",
					"$(inherited)",
				);
				GCC_PREPROCESSOR_DEFINITIONS = (
					"DEBUG=1",
					"$(inherited)",
				);
				INFOPLIST_FILE = HttpManagerTests/Info.plist;
				LD_RUNPATH_SEARCH_PATHS = "$(inherited) @executable_path/Frameworks @loader_path/Frameworks";
				PRODUCT_NAME = "$(TARGET_NAME)";
				TEST_HOST = "$(BUILT_PRODUCTS_DIR)/HttpManager.app/HttpManager";
			};
			name = Debug;
		};
		23DDAFFD1B901DE90007170E /* Release */ = {
			isa = XCBuildConfiguration;
			buildSettings = {
				BUNDLE_LOADER = "$(TEST_HOST)";
				FRAMEWORK_SEARCH_PATHS = (
					"$(SDKROOT)/Developer/Library/Frameworks",
					"$(inherited)",
				);
				INFOPLIST_FILE = HttpManagerTests/Info.plist;
				LD_RUNPATH_SEARCH_PATHS = "$(inherited) @executable_path/Frameworks @loader_path/Frameworks";
				PRODUCT_NAME = "$(TARGET_NAME)";
				TEST_HOST = "$(BUILT_PRODUCTS_DIR)/HttpManager.app/HttpManager";
			};
			name = Release;
		};
/* End XCBuildConfiguration section */

/* Begin XCConfigurationList section */
		23DDAFD01B901DE90007170E /* Build configuration list for PBXProject "HttpManager" */ = {
			isa = XCConfigurationList;
			buildConfigurations = (
				23DDAFF61B901DE90007170E /* Debug */,
				23DDAFF71B901DE90007170E /* Release */,
			);
			defaultConfigurationIsVisible = 0;
			defaultConfigurationName = Release;
		};
		23DDAFF81B901DE90007170E /* Build configuration list for PBXNativeTarget "HttpManager" */ = {
			isa = XCConfigurationList;
			buildConfigurations = (
				23DDAFF91B901DE90007170E /* Debug */,
				23DDAFFA1B901DE90007170E /* Release */,
			);
			defaultConfigurationIsVisible = 0;
			defaultConfigurationName = Release;
		};
		23DDAFFB1B901DE90007170E /* Build configuration list for PBXNativeTarget "HttpManagerTests" */ = {
			isa = XCConfigurationList;
			buildConfigurations = (
				23DDAFFC1B901DE90007170E /* Debug */,
				23DDAFFD1B901DE90007170E /* Release */,
			);
			defaultConfigurationIsVisible = 0;
			defaultConfigurationName = Release;
		};
/* End XCConfigurationList section */
	};
	rootObject = 23DDAFCD1B901DE90007170E /* Project object */;
}
